// !$*UTF8*$!
{
	archiveVersion = 1;
	classes = {
	};
	objectVersion = 46;
	objects = {

/* Begin PBXBuildFile section */
		0205AA1C1C9C886900DA3C90 /* CircleMenuNavigation.swift in Sources */ = {isa = PBXBuildFile; fileRef = 0205AA1B1C9C886900DA3C90 /* CircleMenuNavigation.swift */; };
		027D27721C99C80800DBD08B /* GCD.swift in Sources */ = {isa = PBXBuildFile; fileRef = 027D27711C99C80800DBD08B /* GCD.swift */; };
		027D27741C99D46D00DBD08B /* Helper.swift in Sources */ = {isa = PBXBuildFile; fileRef = 027D27731C99D46D00DBD08B /* Helper.swift */; };
		029339461C96564C00EE8B97 /* User.swift in Sources */ = {isa = PBXBuildFile; fileRef = 029339451C96564C00EE8B97 /* User.swift */; };
		0295A8401C9727ED00BAF5A0 /* SweetAlert.swift in Sources */ = {isa = PBXBuildFile; fileRef = 0295A83F1C9727ED00BAF5A0 /* SweetAlert.swift */; };
		02BE3AC81C9DA66400DB51CC /* SearchViewController.swift in Sources */ = {isa = PBXBuildFile; fileRef = 02BE3AC71C9DA66400DB51CC /* SearchViewController.swift */; };
		02BE3ACA1C9DA68600DB51CC /* ProfileViewController.swift in Sources */ = {isa = PBXBuildFile; fileRef = 02BE3AC91C9DA68600DB51CC /* ProfileViewController.swift */; };
		02BE3ACF1C9DEAE500DB51CC /* UserSearch.swift in Sources */ = {isa = PBXBuildFile; fileRef = 02BE3ACE1C9DEAE500DB51CC /* UserSearch.swift */; };
		02BE3AD41C9E45B100DB51CC /* MessageViewController.swift in Sources */ = {isa = PBXBuildFile; fileRef = 02BE3AD31C9E45B100DB51CC /* MessageViewController.swift */; };
		02F3D2101C950181006C77A7 /* AppDelegate.swift in Sources */ = {isa = PBXBuildFile; fileRef = 02F3D20F1C950181006C77A7 /* AppDelegate.swift */; };
		02F3D2121C950181006C77A7 /* LoginViewController.swift in Sources */ = {isa = PBXBuildFile; fileRef = 02F3D2111C950181006C77A7 /* LoginViewController.swift */; };
		02F3D2151C950181006C77A7 /* Main.storyboard in Resources */ = {isa = PBXBuildFile; fileRef = 02F3D2131C950181006C77A7 /* Main.storyboard */; };
		02F3D2171C950181006C77A7 /* Assets.xcassets in Resources */ = {isa = PBXBuildFile; fileRef = 02F3D2161C950181006C77A7 /* Assets.xcassets */; };
		02F3D21A1C950181006C77A7 /* LaunchScreen.storyboard in Resources */ = {isa = PBXBuildFile; fileRef = 02F3D2181C950181006C77A7 /* LaunchScreen.storyboard */; };
		02F3D2251C950181006C77A7 /* PowwowChatAppTests.swift in Sources */ = {isa = PBXBuildFile; fileRef = 02F3D2241C950181006C77A7 /* PowwowChatAppTests.swift */; };
		02F3D2301C950181006C77A7 /* PowwowChatAppUITests.swift in Sources */ = {isa = PBXBuildFile; fileRef = 02F3D22F1C950181006C77A7 /* PowwowChatAppUITests.swift */; };
		02F3D2441C960368006C77A7 /* LoginViewControllerExtension.swift in Sources */ = {isa = PBXBuildFile; fileRef = 02F3D2431C960368006C77A7 /* LoginViewControllerExtension.swift */; };
		02FE13C71C966AB4005E8DF1 /* MasterTableViewController.swift in Sources */ = {isa = PBXBuildFile; fileRef = 02FE13C61C966AB4005E8DF1 /* MasterTableViewController.swift */; };
		27904D27DEF9FC1D25FFFC70 /* Pods_PowwowChatApp.framework in Frameworks */ = {isa = PBXBuildFile; fileRef = DFF0A7EA7D2B4CE4F77B4108 /* Pods_PowwowChatApp.framework */; };
/* End PBXBuildFile section */

/* Begin PBXContainerItemProxy section */
		02F3D2211C950181006C77A7 /* PBXContainerItemProxy */ = {
			isa = PBXContainerItemProxy;
			containerPortal = 02F3D2041C950181006C77A7 /* Project object */;
			proxyType = 1;
			remoteGlobalIDString = 02F3D20B1C950181006C77A7;
			remoteInfo = PowwowChatApp;
		};
		02F3D22C1C950181006C77A7 /* PBXContainerItemProxy */ = {
			isa = PBXContainerItemProxy;
			containerPortal = 02F3D2041C950181006C77A7 /* Project object */;
			proxyType = 1;
			remoteGlobalIDString = 02F3D20B1C950181006C77A7;
			remoteInfo = PowwowChatApp;
		};
/* End PBXContainerItemProxy section */

/* Begin PBXFileReference section */
		0205AA1B1C9C886900DA3C90 /* CircleMenuNavigation.swift */ = {isa = PBXFileReference; fileEncoding = 4; lastKnownFileType = sourcecode.swift; path = CircleMenuNavigation.swift; sourceTree = "<group>"; };
		027D27711C99C80800DBD08B /* GCD.swift */ = {isa = PBXFileReference; fileEncoding = 4; lastKnownFileType = sourcecode.swift; path = GCD.swift; sourceTree = "<group>"; };
		027D27731C99D46D00DBD08B /* Helper.swift */ = {isa = PBXFileReference; fileEncoding = 4; lastKnownFileType = sourcecode.swift; path = Helper.swift; sourceTree = "<group>"; };
		029339451C96564C00EE8B97 /* User.swift */ = {isa = PBXFileReference; fileEncoding = 4; lastKnownFileType = sourcecode.swift; path = User.swift; sourceTree = "<group>"; };
		0295A83F1C9727ED00BAF5A0 /* SweetAlert.swift */ = {isa = PBXFileReference; fileEncoding = 4; lastKnownFileType = sourcecode.swift; path = SweetAlert.swift; sourceTree = "<group>"; };
		02BE3AC71C9DA66400DB51CC /* SearchViewController.swift */ = {isa = PBXFileReference; fileEncoding = 4; lastKnownFileType = sourcecode.swift; path = SearchViewController.swift; sourceTree = "<group>"; };
		02BE3AC91C9DA68600DB51CC /* ProfileViewController.swift */ = {isa = PBXFileReference; fileEncoding = 4; lastKnownFileType = sourcecode.swift; path = ProfileViewController.swift; sourceTree = "<group>"; };
		02BE3ACE1C9DEAE500DB51CC /* UserSearch.swift */ = {isa = PBXFileReference; fileEncoding = 4; lastKnownFileType = sourcecode.swift; path = UserSearch.swift; sourceTree = "<group>"; };
		02BE3AD31C9E45B100DB51CC /* MessageViewController.swift */ = {isa = PBXFileReference; fileEncoding = 4; lastKnownFileType = sourcecode.swift; path = MessageViewController.swift; sourceTree = "<group>"; };
		02F3D20C1C950181006C77A7 /* PowwowChatApp.app */ = {isa = PBXFileReference; explicitFileType = wrapper.application; includeInIndex = 0; path = PowwowChatApp.app; sourceTree = BUILT_PRODUCTS_DIR; };
		02F3D20F1C950181006C77A7 /* AppDelegate.swift */ = {isa = PBXFileReference; lastKnownFileType = sourcecode.swift; path = AppDelegate.swift; sourceTree = "<group>"; };
		02F3D2111C950181006C77A7 /* LoginViewController.swift */ = {isa = PBXFileReference; lastKnownFileType = sourcecode.swift; path = LoginViewController.swift; sourceTree = "<group>"; };
		02F3D2141C950181006C77A7 /* Base */ = {isa = PBXFileReference; lastKnownFileType = file.storyboard; name = Base; path = Base.lproj/Main.storyboard; sourceTree = "<group>"; };
		02F3D2161C950181006C77A7 /* Assets.xcassets */ = {isa = PBXFileReference; lastKnownFileType = folder.assetcatalog; path = Assets.xcassets; sourceTree = "<group>"; };
		02F3D2191C950181006C77A7 /* Base */ = {isa = PBXFileReference; lastKnownFileType = file.storyboard; name = Base; path = Base.lproj/LaunchScreen.storyboard; sourceTree = "<group>"; };
		02F3D21B1C950181006C77A7 /* Info.plist */ = {isa = PBXFileReference; lastKnownFileType = text.plist.xml; path = Info.plist; sourceTree = "<group>"; };
		02F3D2201C950181006C77A7 /* PowwowChatAppTests.xctest */ = {isa = PBXFileReference; explicitFileType = wrapper.cfbundle; includeInIndex = 0; path = PowwowChatAppTests.xctest; sourceTree = BUILT_PRODUCTS_DIR; };
		02F3D2241C950181006C77A7 /* PowwowChatAppTests.swift */ = {isa = PBXFileReference; lastKnownFileType = sourcecode.swift; path = PowwowChatAppTests.swift; sourceTree = "<group>"; };
		02F3D2261C950181006C77A7 /* Info.plist */ = {isa = PBXFileReference; lastKnownFileType = text.plist.xml; path = Info.plist; sourceTree = "<group>"; };
		02F3D22B1C950181006C77A7 /* PowwowChatAppUITests.xctest */ = {isa = PBXFileReference; explicitFileType = wrapper.cfbundle; includeInIndex = 0; path = PowwowChatAppUITests.xctest; sourceTree = BUILT_PRODUCTS_DIR; };
		02F3D22F1C950181006C77A7 /* PowwowChatAppUITests.swift */ = {isa = PBXFileReference; lastKnownFileType = sourcecode.swift; path = PowwowChatAppUITests.swift; sourceTree = "<group>"; };
		02F3D2311C950181006C77A7 /* Info.plist */ = {isa = PBXFileReference; lastKnownFileType = text.plist.xml; path = Info.plist; sourceTree = "<group>"; };
		02F3D2431C960368006C77A7 /* LoginViewControllerExtension.swift */ = {isa = PBXFileReference; fileEncoding = 4; lastKnownFileType = sourcecode.swift; path = LoginViewControllerExtension.swift; sourceTree = "<group>"; };
		02FE13C61C966AB4005E8DF1 /* MasterTableViewController.swift */ = {isa = PBXFileReference; fileEncoding = 4; lastKnownFileType = sourcecode.swift; path = MasterTableViewController.swift; sourceTree = "<group>"; };
		7982DB2BBE0E319BCF547D44 /* Pods-PowwowChatApp.release.xcconfig */ = {isa = PBXFileReference; includeInIndex = 1; lastKnownFileType = text.xcconfig; name = "Pods-PowwowChatApp.release.xcconfig"; path = "Pods/Target Support Files/Pods-PowwowChatApp/Pods-PowwowChatApp.release.xcconfig"; sourceTree = "<group>"; };
		DFF0A7EA7D2B4CE4F77B4108 /* Pods_PowwowChatApp.framework */ = {isa = PBXFileReference; explicitFileType = wrapper.framework; includeInIndex = 0; path = Pods_PowwowChatApp.framework; sourceTree = BUILT_PRODUCTS_DIR; };
		FF115B0AE3CC5D8459D32DE3 /* Pods-PowwowChatApp.debug.xcconfig */ = {isa = PBXFileReference; includeInIndex = 1; lastKnownFileType = text.xcconfig; name = "Pods-PowwowChatApp.debug.xcconfig"; path = "Pods/Target Support Files/Pods-PowwowChatApp/Pods-PowwowChatApp.debug.xcconfig"; sourceTree = "<group>"; };
/* End PBXFileReference section */

/* Begin PBXFrameworksBuildPhase section */
		02F3D2091C950181006C77A7 /* Frameworks */ = {
			isa = PBXFrameworksBuildPhase;
			buildActionMask = 2147483647;
			files = (
				27904D27DEF9FC1D25FFFC70 /* Pods_PowwowChatApp.framework in Frameworks */,
			);
			runOnlyForDeploymentPostprocessing = 0;
		};
		02F3D21D1C950181006C77A7 /* Frameworks */ = {
			isa = PBXFrameworksBuildPhase;
			buildActionMask = 2147483647;
			files = (
			);
			runOnlyForDeploymentPostprocessing = 0;
		};
		02F3D2281C950181006C77A7 /* Frameworks */ = {
			isa = PBXFrameworksBuildPhase;
			buildActionMask = 2147483647;
			files = (
			);
			runOnlyForDeploymentPostprocessing = 0;
		};
/* End PBXFrameworksBuildPhase section */

/* Begin PBXGroup section */
		02BE3ACB1C9DA69700DB51CC /* Login */ = {
			isa = PBXGroup;
			children = (
				02F3D2111C950181006C77A7 /* LoginViewController.swift */,
				02F3D2431C960368006C77A7 /* LoginViewControllerExtension.swift */,
			);
			name = Login;
			sourceTree = "<group>";
		};
		02BE3ACC1C9DA6A800DB51CC /* Table view */ = {
			isa = PBXGroup;
			children = (
				02FE13C61C966AB4005E8DF1 /* MasterTableViewController.swift */,
				02BE3AD31C9E45B100DB51CC /* MessageViewController.swift */,
			);
			name = "Table view";
			sourceTree = "<group>";
		};
		02BE3ACD1C9DA6B600DB51CC /* Navigation */ = {
			isa = PBXGroup;
			children = (
				0205AA1B1C9C886900DA3C90 /* CircleMenuNavigation.swift */,
				02BE3AC71C9DA66400DB51CC /* SearchViewController.swift */,
				02BE3AC91C9DA68600DB51CC /* ProfileViewController.swift */,
				02BE3ACE1C9DEAE500DB51CC /* UserSearch.swift */,
			);
			name = Navigation;
			sourceTree = "<group>";
		};
		02F3D2031C950181006C77A7 = {
			isa = PBXGroup;
			children = (
				02F3D2401C950EBB006C77A7 /* Frameworks */,
				02F3D20E1C950181006C77A7 /* PowwowChatApp */,
				02F3D2231C950181006C77A7 /* PowwowChatAppTests */,
				02F3D22E1C950181006C77A7 /* PowwowChatAppUITests */,
				02F3D20D1C950181006C77A7 /* Products */,
				A2FFF6D3B3880144A26D01F4 /* Pods */,
			);
			sourceTree = "<group>";
		};
		02F3D20D1C950181006C77A7 /* Products */ = {
			isa = PBXGroup;
			children = (
				02F3D20C1C950181006C77A7 /* PowwowChatApp.app */,
				02F3D2201C950181006C77A7 /* PowwowChatAppTests.xctest */,
				02F3D22B1C950181006C77A7 /* PowwowChatAppUITests.xctest */,
			);
			name = Products;
			sourceTree = "<group>";
		};
		02F3D20E1C950181006C77A7 /* PowwowChatApp */ = {
			isa = PBXGroup;
			children = (
				02F3D2421C950EFC006C77A7 /* Model */,
				02F3D23F1C950EB4006C77A7 /* Controller */,
				02F3D23E1C950EB0006C77A7 /* View */,
				02F3D2411C950ECE006C77A7 /* Helper */,
			);
			path = PowwowChatApp;
			sourceTree = "<group>";
		};
		02F3D2231C950181006C77A7 /* PowwowChatAppTests */ = {
			isa = PBXGroup;
			children = (
				02F3D2241C950181006C77A7 /* PowwowChatAppTests.swift */,
				02F3D2261C950181006C77A7 /* Info.plist */,
			);
			path = PowwowChatAppTests;
			sourceTree = "<group>";
		};
		02F3D22E1C950181006C77A7 /* PowwowChatAppUITests */ = {
			isa = PBXGroup;
			children = (
				02F3D22F1C950181006C77A7 /* PowwowChatAppUITests.swift */,
				02F3D2311C950181006C77A7 /* Info.plist */,
			);
			path = PowwowChatAppUITests;
			sourceTree = "<group>";
		};
		02F3D23E1C950EB0006C77A7 /* View */ = {
			isa = PBXGroup;
			children = (
				02F3D2131C950181006C77A7 /* Main.storyboard */,
				02F3D2181C950181006C77A7 /* LaunchScreen.storyboard */,
				02F3D2161C950181006C77A7 /* Assets.xcassets */,
			);
			name = View;
			sourceTree = "<group>";
		};
		02F3D23F1C950EB4006C77A7 /* Controller */ = {
			isa = PBXGroup;
			children = (
				02F3D20F1C950181006C77A7 /* AppDelegate.swift */,
				02BE3ACC1C9DA6A800DB51CC /* Table view */,
				02BE3ACB1C9DA69700DB51CC /* Login */,
				02BE3ACD1C9DA6B600DB51CC /* Navigation */,
			);
			name = Controller;
			sourceTree = "<group>";
		};
		02F3D2401C950EBB006C77A7 /* Frameworks */ = {
			isa = PBXGroup;
			children = (
				0295A83F1C9727ED00BAF5A0 /* SweetAlert.swift */,
				DFF0A7EA7D2B4CE4F77B4108 /* Pods_PowwowChatApp.framework */,
			);
			name = Frameworks;
			sourceTree = "<group>";
		};
		02F3D2411C950ECE006C77A7 /* Helper */ = {
			isa = PBXGroup;
			children = (
				02F3D21B1C950181006C77A7 /* Info.plist */,
				027D27711C99C80800DBD08B /* GCD.swift */,
				027D27731C99D46D00DBD08B /* Helper.swift */,
			);
			name = Helper;
			sourceTree = "<group>";
		};
		02F3D2421C950EFC006C77A7 /* Model */ = {
			isa = PBXGroup;
			children = (
				029339451C96564C00EE8B97 /* User.swift */,
			);
			name = Model;
			sourceTree = "<group>";
		};
		A2FFF6D3B3880144A26D01F4 /* Pods */ = {
			isa = PBXGroup;
			children = (
				FF115B0AE3CC5D8459D32DE3 /* Pods-PowwowChatApp.debug.xcconfig */,
				7982DB2BBE0E319BCF547D44 /* Pods-PowwowChatApp.release.xcconfig */,
			);
			name = Pods;
			sourceTree = "<group>";
		};
/* End PBXGroup section */

/* Begin PBXNativeTarget section */
		02F3D20B1C950181006C77A7 /* PowwowChatApp */ = {
			isa = PBXNativeTarget;
			buildConfigurationList = 02F3D2341C950181006C77A7 /* Build configuration list for PBXNativeTarget "PowwowChatApp" */;
			buildPhases = (
				B88C05FDFDB60324E1327D4D /* Check Pods Manifest.lock */,
				02F3D2081C950181006C77A7 /* Sources */,
				02F3D2091C950181006C77A7 /* Frameworks */,
				02F3D20A1C950181006C77A7 /* Resources */,
				C126F49E4B7B0DE83CE8A487 /* Embed Pods Frameworks */,
				8D2C8F230B03CE51E701DA2A /* Copy Pods Resources */,
				02BE3AD01C9DF6A300DB51CC /* Build Number Script */,
			);
			buildRules = (
			);
			dependencies = (
			);
			name = PowwowChatApp;
			productName = PowwowChatApp;
			productReference = 02F3D20C1C950181006C77A7 /* PowwowChatApp.app */;
			productType = "com.apple.product-type.application";
		};
		02F3D21F1C950181006C77A7 /* PowwowChatAppTests */ = {
			isa = PBXNativeTarget;
			buildConfigurationList = 02F3D2371C950181006C77A7 /* Build configuration list for PBXNativeTarget "PowwowChatAppTests" */;
			buildPhases = (
				02F3D21C1C950181006C77A7 /* Sources */,
				02F3D21D1C950181006C77A7 /* Frameworks */,
				02F3D21E1C950181006C77A7 /* Resources */,
			);
			buildRules = (
			);
			dependencies = (
				02F3D2221C950181006C77A7 /* PBXTargetDependency */,
			);
			name = PowwowChatAppTests;
			productName = PowwowChatAppTests;
			productReference = 02F3D2201C950181006C77A7 /* PowwowChatAppTests.xctest */;
			productType = "com.apple.product-type.bundle.unit-test";
		};
		02F3D22A1C950181006C77A7 /* PowwowChatAppUITests */ = {
			isa = PBXNativeTarget;
			buildConfigurationList = 02F3D23A1C950181006C77A7 /* Build configuration list for PBXNativeTarget "PowwowChatAppUITests" */;
			buildPhases = (
				02F3D2271C950181006C77A7 /* Sources */,
				02F3D2281C950181006C77A7 /* Frameworks */,
				02F3D2291C950181006C77A7 /* Resources */,
			);
			buildRules = (
			);
			dependencies = (
				02F3D22D1C950181006C77A7 /* PBXTargetDependency */,
			);
			name = PowwowChatAppUITests;
			productName = PowwowChatAppUITests;
			productReference = 02F3D22B1C950181006C77A7 /* PowwowChatAppUITests.xctest */;
			productType = "com.apple.product-type.bundle.ui-testing";
		};
/* End PBXNativeTarget section */

/* Begin PBXProject section */
		02F3D2041C950181006C77A7 /* Project object */ = {
			isa = PBXProject;
			attributes = {
				LastSwiftUpdateCheck = 0720;
				LastUpgradeCheck = 0720;
				ORGANIZATIONNAME = garytokman;
				TargetAttributes = {
					02F3D20B1C950181006C77A7 = {
						CreatedOnToolsVersion = 7.2.1;
						DevelopmentTeam = NTP2A7PJM8;
					};
					02F3D21F1C950181006C77A7 = {
						CreatedOnToolsVersion = 7.2.1;
						TestTargetID = 02F3D20B1C950181006C77A7;
					};
					02F3D22A1C950181006C77A7 = {
						CreatedOnToolsVersion = 7.2.1;
						TestTargetID = 02F3D20B1C950181006C77A7;
					};
				};
			};
			buildConfigurationList = 02F3D2071C950181006C77A7 /* Build configuration list for PBXProject "PowwowChatApp" */;
			compatibilityVersion = "Xcode 3.2";
			developmentRegion = English;
			hasScannedForEncodings = 0;
			knownRegions = (
				en,
				Base,
			);
			mainGroup = 02F3D2031C950181006C77A7;
			productRefGroup = 02F3D20D1C950181006C77A7 /* Products */;
			projectDirPath = "";
			projectRoot = "";
			targets = (
				02F3D20B1C950181006C77A7 /* PowwowChatApp */,
				02F3D21F1C950181006C77A7 /* PowwowChatAppTests */,
				02F3D22A1C950181006C77A7 /* PowwowChatAppUITests */,
			);
		};
/* End PBXProject section */

/* Begin PBXResourcesBuildPhase section */
		02F3D20A1C950181006C77A7 /* Resources */ = {
			isa = PBXResourcesBuildPhase;
			buildActionMask = 2147483647;
			files = (
				02F3D21A1C950181006C77A7 /* LaunchScreen.storyboard in Resources */,
				02F3D2171C950181006C77A7 /* Assets.xcassets in Resources */,
				02F3D2151C950181006C77A7 /* Main.storyboard in Resources */,
			);
			runOnlyForDeploymentPostprocessing = 0;
		};
		02F3D21E1C950181006C77A7 /* Resources */ = {
			isa = PBXResourcesBuildPhase;
			buildActionMask = 2147483647;
			files = (
			);
			runOnlyForDeploymentPostprocessing = 0;
		};
		02F3D2291C950181006C77A7 /* Resources */ = {
			isa = PBXResourcesBuildPhase;
			buildActionMask = 2147483647;
			files = (
			);
			runOnlyForDeploymentPostprocessing = 0;
		};
/* End PBXResourcesBuildPhase section */

/* Begin PBXShellScriptBuildPhase section */
		02BE3AD01C9DF6A300DB51CC /* Build Number Script */ = {
			isa = PBXShellScriptBuildPhase;
			buildActionMask = 2147483647;
			files = (
			);
			inputPaths = (
			);
			name = "Build Number Script";
			outputPaths = (
			);
			runOnlyForDeploymentPostprocessing = 0;
			shellPath = /bin/sh;
			shellScript = "#Update build number with number of git commits if in release mode\nif [ ${CONFIGURATION} == \"Release\" ]; then\nbuildNumber=$(git rev-list HEAD | wc -l | tr -d ' ')\n/usr/libexec/PlistBuddy -c \"Set :CFBundleVersion $buildNumber\" \"${PROJECT_DIR}/${INFOPLIST_FILE}\"\nfi;";
		};
		8D2C8F230B03CE51E701DA2A /* Copy Pods Resources */ = {
			isa = PBXShellScriptBuildPhase;
			buildActionMask = 2147483647;
			files = (
			);
			inputPaths = (
			);
			name = "Copy Pods Resources";
			outputPaths = (
			);
			runOnlyForDeploymentPostprocessing = 0;
			shellPath = /bin/sh;
			shellScript = "\"${SRCROOT}/Pods/Target Support Files/Pods-PowwowChatApp/Pods-PowwowChatApp-resources.sh\"\n";
			showEnvVarsInLog = 0;
		};
		B88C05FDFDB60324E1327D4D /* Check Pods Manifest.lock */ = {
			isa = PBXShellScriptBuildPhase;
			buildActionMask = 2147483647;
			files = (
			);
			inputPaths = (
			);
			name = "Check Pods Manifest.lock";
			outputPaths = (
			);
			runOnlyForDeploymentPostprocessing = 0;
			shellPath = /bin/sh;
			shellScript = "diff \"${PODS_ROOT}/../Podfile.lock\" \"${PODS_ROOT}/Manifest.lock\" > /dev/null\nif [[ $? != 0 ]] ; then\n    cat << EOM\nerror: The sandbox is not in sync with the Podfile.lock. Run 'pod install' or update your CocoaPods installation.\nEOM\n    exit 1\nfi\n";
			showEnvVarsInLog = 0;
		};
		C126F49E4B7B0DE83CE8A487 /* Embed Pods Frameworks */ = {
			isa = PBXShellScriptBuildPhase;
			buildActionMask = 2147483647;
			files = (
			);
			inputPaths = (
			);
			name = "Embed Pods Frameworks";
			outputPaths = (
			);
			runOnlyForDeploymentPostprocessing = 0;
			shellPath = /bin/sh;
			shellScript = "\"${SRCROOT}/Pods/Target Support Files/Pods-PowwowChatApp/Pods-PowwowChatApp-frameworks.sh\"\n";
			showEnvVarsInLog = 0;
		};
/* End PBXShellScriptBuildPhase section */

/* Begin PBXSourcesBuildPhase section */
		02F3D2081C950181006C77A7 /* Sources */ = {
			isa = PBXSourcesBuildPhase;
			buildActionMask = 2147483647;
			files = (
				02BE3ACF1C9DEAE500DB51CC /* UserSearch.swift in Sources */,
				02BE3AD41C9E45B100DB51CC /* MessageViewController.swift in Sources */,
				02BE3AC81C9DA66400DB51CC /* SearchViewController.swift in Sources */,
				027D27721C99C80800DBD08B /* GCD.swift in Sources */,
				02F3D2441C960368006C77A7 /* LoginViewControllerExtension.swift in Sources */,
				0205AA1C1C9C886900DA3C90 /* CircleMenuNavigation.swift in Sources */,
				02F3D2121C950181006C77A7 /* LoginViewController.swift in Sources */,
				029339461C96564C00EE8B97 /* User.swift in Sources */,
				02BE3ACA1C9DA68600DB51CC /* ProfileViewController.swift in Sources */,
				02FE13C71C966AB4005E8DF1 /* MasterTableViewController.swift in Sources */,
				02F3D2101C950181006C77A7 /* AppDelegate.swift in Sources */,
				0295A8401C9727ED00BAF5A0 /* SweetAlert.swift in Sources */,
				027D27741C99D46D00DBD08B /* Helper.swift in Sources */,
			);
			runOnlyForDeploymentPostprocessing = 0;
		};
		02F3D21C1C950181006C77A7 /* Sources */ = {
			isa = PBXSourcesBuildPhase;
			buildActionMask = 2147483647;
			files = (
				02F3D2251C950181006C77A7 /* PowwowChatAppTests.swift in Sources */,
			);
			runOnlyForDeploymentPostprocessing = 0;
		};
		02F3D2271C950181006C77A7 /* Sources */ = {
			isa = PBXSourcesBuildPhase;
			buildActionMask = 2147483647;
			files = (
				02F3D2301C950181006C77A7 /* PowwowChatAppUITests.swift in Sources */,
			);
			runOnlyForDeploymentPostprocessing = 0;
		};
/* End PBXSourcesBuildPhase section */

/* Begin PBXTargetDependency section */
		02F3D2221C950181006C77A7 /* PBXTargetDependency */ = {
			isa = PBXTargetDependency;
			target = 02F3D20B1C950181006C77A7 /* PowwowChatApp */;
			targetProxy = 02F3D2211C950181006C77A7 /* PBXContainerItemProxy */;
		};
		02F3D22D1C950181006C77A7 /* PBXTargetDependency */ = {
			isa = PBXTargetDependency;
			target = 02F3D20B1C950181006C77A7 /* PowwowChatApp */;
			targetProxy = 02F3D22C1C950181006C77A7 /* PBXContainerItemProxy */;
		};
/* End PBXTargetDependency section */

/* Begin PBXVariantGroup section */
		02F3D2131C950181006C77A7 /* Main.storyboard */ = {
			isa = PBXVariantGroup;
			children = (
				02F3D2141C950181006C77A7 /* Base */,
			);
			name = Main.storyboard;
			sourceTree = "<group>";
		};
		02F3D2181C950181006C77A7 /* LaunchScreen.storyboard */ = {
			isa = PBXVariantGroup;
			children = (
				02F3D2191C950181006C77A7 /* Base */,
			);
			name = LaunchScreen.storyboard;
			sourceTree = "<group>";
		};
/* End PBXVariantGroup section */

/* Begin XCBuildConfiguration section */
		02F3D2321C950181006C77A7 /* Debug */ = {
			isa = XCBuildConfiguration;
			buildSettings = {
				ALWAYS_SEARCH_USER_PATHS = NO;
				CLANG_CXX_LANGUAGE_STANDARD = "gnu++0x";
				CLANG_CXX_LIBRARY = "libc++";
				CLANG_ENABLE_MODULES = YES;
				CLANG_ENABLE_OBJC_ARC = YES;
				CLANG_WARN_BOOL_CONVERSION = YES;
				CLANG_WARN_CONSTANT_CONVERSION = YES;
				CLANG_WARN_DIRECT_OBJC_ISA_USAGE = YES_ERROR;
				CLANG_WARN_EMPTY_BODY = YES;
				CLANG_WARN_ENUM_CONVERSION = YES;
				CLANG_WARN_INT_CONVERSION = YES;
				CLANG_WARN_OBJC_ROOT_CLASS = YES_ERROR;
				CLANG_WARN_UNREACHABLE_CODE = YES;
				CLANG_WARN__DUPLICATE_METHOD_MATCH = YES;
				"CODE_SIGN_IDENTITY[sdk=iphoneos*]" = "iPhone Developer";
				COPY_PHASE_STRIP = NO;
				DEBUG_INFORMATION_FORMAT = dwarf;
				ENABLE_STRICT_OBJC_MSGSEND = YES;
				ENABLE_TESTABILITY = YES;
				GCC_C_LANGUAGE_STANDARD = gnu99;
				GCC_DYNAMIC_NO_PIC = NO;
				GCC_NO_COMMON_BLOCKS = YES;
				GCC_OPTIMIZATION_LEVEL = 0;
				GCC_PREPROCESSOR_DEFINITIONS = (
					"DEBUG=1",
					"$(inherited)",
				);
				GCC_WARN_64_TO_32_BIT_CONVERSION = YES;
				GCC_WARN_ABOUT_RETURN_TYPE = YES_ERROR;
				GCC_WARN_UNDECLARED_SELECTOR = YES;
				GCC_WARN_UNINITIALIZED_AUTOS = YES_AGGRESSIVE;
				GCC_WARN_UNUSED_FUNCTION = YES;
				GCC_WARN_UNUSED_VARIABLE = YES;
				IPHONEOS_DEPLOYMENT_TARGET = 9.2;
				MTL_ENABLE_DEBUG_INFO = YES;
				ONLY_ACTIVE_ARCH = YES;
				SDKROOT = iphoneos;
				SWIFT_OPTIMIZATION_LEVEL = "-Onone";
			};
			name = Debug;
		};
		02F3D2331C950181006C77A7 /* Release */ = {
			isa = XCBuildConfiguration;
			buildSettings = {
				ALWAYS_SEARCH_USER_PATHS = NO;
				CLANG_CXX_LANGUAGE_STANDARD = "gnu++0x";
				CLANG_CXX_LIBRARY = "libc++";
				CLANG_ENABLE_MODULES = YES;
				CLANG_ENABLE_OBJC_ARC = YES;
				CLANG_WARN_BOOL_CONVERSION = YES;
				CLANG_WARN_CONSTANT_CONVERSION = YES;
				CLANG_WARN_DIRECT_OBJC_ISA_USAGE = YES_ERROR;
				CLANG_WARN_EMPTY_BODY = YES;
				CLANG_WARN_ENUM_CONVERSION = YES;
				CLANG_WARN_INT_CONVERSION = YES;
				CLANG_WARN_OBJC_ROOT_CLASS = YES_ERROR;
				CLANG_WARN_UNREACHABLE_CODE = YES;
				CLANG_WARN__DUPLICATE_METHOD_MATCH = YES;
				"CODE_SIGN_IDENTITY[sdk=iphoneos*]" = "iPhone Developer";
				COPY_PHASE_STRIP = NO;
				DEBUG_INFORMATION_FORMAT = "dwarf-with-dsym";
				ENABLE_NS_ASSERTIONS = NO;
				ENABLE_STRICT_OBJC_MSGSEND = YES;
				GCC_C_LANGUAGE_STANDARD = gnu99;
				GCC_NO_COMMON_BLOCKS = YES;
				GCC_WARN_64_TO_32_BIT_CONVERSION = YES;
				GCC_WARN_ABOUT_RETURN_TYPE = YES_ERROR;
				GCC_WARN_UNDECLARED_SELECTOR = YES;
				GCC_WARN_UNINITIALIZED_AUTOS = YES_AGGRESSIVE;
				GCC_WARN_UNUSED_FUNCTION = YES;
				GCC_WARN_UNUSED_VARIABLE = YES;
				IPHONEOS_DEPLOYMENT_TARGET = 9.2;
				MTL_ENABLE_DEBUG_INFO = NO;
				SDKROOT = iphoneos;
				VALIDATE_PRODUCT = YES;
			};
			name = Release;
		};
		02F3D2351C950181006C77A7 /* Debug */ = {
			isa = XCBuildConfiguration;
			baseConfigurationReference = FF115B0AE3CC5D8459D32DE3 /* Pods-PowwowChatApp.debug.xcconfig */;
			buildSettings = {
				ASSETCATALOG_COMPILER_APPICON_NAME = AppIcon;
				CODE_SIGN_IDENTITY = "iPhone Developer";
				INFOPLIST_FILE = PowwowChatApp/Info.plist;
				IPHONEOS_DEPLOYMENT_TARGET = 9.2;
				LD_RUNPATH_SEARCH_PATHS = "$(inherited) @executable_path/Frameworks";
				PRODUCT_BUNDLE_IDENTIFIER = xyz.garytokman.PowwowChatApp;
				PRODUCT_NAME = "$(TARGET_NAME)";
			};
			name = Debug;
		};
		02F3D2361C950181006C77A7 /* Release */ = {
			isa = XCBuildConfiguration;
			baseConfigurationReference = 7982DB2BBE0E319BCF547D44 /* Pods-PowwowChatApp.release.xcconfig */;
			buildSettings = {
				ASSETCATALOG_COMPILER_APPICON_NAME = AppIcon;
				CODE_SIGN_IDENTITY = "iPhone Distribution";
				"CODE_SIGN_IDENTITY[sdk=iphoneos*]" = "iPhone Distribution";
				INFOPLIST_FILE = PowwowChatApp/Info.plist;
				IPHONEOS_DEPLOYMENT_TARGET = 9.2;
				LD_RUNPATH_SEARCH_PATHS = "$(inherited) @executable_path/Frameworks";
				PRODUCT_BUNDLE_IDENTIFIER = xyz.garytokman.PowwowChatApp;
				PRODUCT_NAME = "$(TARGET_NAME)";
			};
			name = Release;
		};
		02F3D2381C950181006C77A7 /* Debug */ = {
			isa = XCBuildConfiguration;
			buildSettings = {
				BUNDLE_LOADER = "$(TEST_HOST)";
				INFOPLIST_FILE = PowwowChatAppTests/Info.plist;
				LD_RUNPATH_SEARCH_PATHS = "$(inherited) @executable_path/Frameworks @loader_path/Frameworks";
				PRODUCT_BUNDLE_IDENTIFIER = xyz.garytokman.PowwowChatAppTests;
				PRODUCT_NAME = "$(TARGET_NAME)";
				TEST_HOST = "$(BUILT_PRODUCTS_DIR)/PowwowChatApp.app/PowwowChatApp";
			};
			name = Debug;
		};
		02F3D2391C950181006C77A7 /* Release */ = {
			isa = XCBuildConfiguration;
			buildSettings = {
				BUNDLE_LOADER = "$(TEST_HOST)";
				INFOPLIST_FILE = PowwowChatAppTests/Info.plist;
				LD_RUNPATH_SEARCH_PATHS = "$(inherited) @executable_path/Frameworks @loader_path/Frameworks";
				PRODUCT_BUNDLE_IDENTIFIER = xyz.garytokman.PowwowChatAppTests;
				PRODUCT_NAME = "$(TARGET_NAME)";
				TEST_HOST = "$(BUILT_PRODUCTS_DIR)/PowwowChatApp.app/PowwowChatApp";
			};
			name = Release;
		};
		02F3D23B1C950181006C77A7 /* Debug */ = {
			isa = XCBuildConfiguration;
			buildSettings = {
				INFOPLIST_FILE = PowwowChatAppUITests/Info.plist;
				LD_RUNPATH_SEARCH_PATHS = "$(inherited) @executable_path/Frameworks @loader_path/Frameworks";
				PRODUCT_BUNDLE_IDENTIFIER = xyz.garytokman.PowwowChatAppUITests;
				PRODUCT_NAME = "$(TARGET_NAME)";
				TEST_TARGET_NAME = PowwowChatApp;
				USES_XCTRUNNER = YES;
			};
			name = Debug;
		};
		02F3D23C1C950181006C77A7 /* Release */ = {
			isa = XCBuildConfiguration;
			buildSettings = {
				INFOPLIST_FILE = PowwowChatAppUITests/Info.plist;
				LD_RUNPATH_SEARCH_PATHS = "$(inherited) @executable_path/Frameworks @loader_path/Frameworks";
				PRODUCT_BUNDLE_IDENTIFIER = xyz.garytokman.PowwowChatAppUITests;
				PRODUCT_NAME = "$(TARGET_NAME)";
				TEST_TARGET_NAME = PowwowChatApp;
				USES_XCTRUNNER = YES;
			};
			name = Release;
		};
/* End XCBuildConfiguration section */

/* Begin XCConfigurationList section */
		02F3D2071C950181006C77A7 /* Build configuration list for PBXProject "PowwowChatApp" */ = {
			isa = XCConfigurationList;
			buildConfigurations = (
				02F3D2321C950181006C77A7 /* Debug */,
				02F3D2331C950181006C77A7 /* Release */,
			);
			defaultConfigurationIsVisible = 0;
			defaultConfigurationName = Release;
		};
		02F3D2341C950181006C77A7 /* Build configuration list for PBXNativeTarget "PowwowChatApp" */ = {
			isa = XCConfigurationList;
			buildConfigurations = (
				02F3D2351C950181006C77A7 /* Debug */,
				02F3D2361C950181006C77A7 /* Release */,
			);
			defaultConfigurationIsVisible = 0;
			defaultConfigurationName = Release;
		};
		02F3D2371C950181006C77A7 /* Build configuration list for PBXNativeTarget "PowwowChatAppTests" */ = {
			isa = XCConfigurationList;
			buildConfigurations = (
				02F3D2381C950181006C77A7 /* Debug */,
				02F3D2391C950181006C77A7 /* Release */,
			);
			defaultConfigurationIsVisible = 0;
			defaultConfigurationName = Release;
		};
		02F3D23A1C950181006C77A7 /* Build configuration list for PBXNativeTarget "PowwowChatAppUITests" */ = {
			isa = XCConfigurationList;
			buildConfigurations = (
				02F3D23B1C950181006C77A7 /* Debug */,
				02F3D23C1C950181006C77A7 /* Release */,
			);
			defaultConfigurationIsVisible = 0;
			defaultConfigurationName = Release;
		};
/* End XCConfigurationList section */
	};
	rootObject = 02F3D2041C950181006C77A7 /* Project object */;
}
